
Microsoft Visual Studio Solution File, Format Version 12.00
# Visual Studio 14
VisualStudioVersion = 14.0.22823.1
MinimumVisualStudioVersion = 10.0.40219.1
Project("{F2A71F9B-5D33-465A-A702-920D77279786}") = "Geometry", "Geometry\Geometry.fsproj", "{D523990B-85AA-4985-B735-612CA2BC2B61}"
EndProject
Project("{F2A71F9B-5D33-465A-A702-920D77279786}") = "Geometry.Tests", "Geometry.Tests\Geometry.Tests.fsproj", "{678AF3C0-D5BA-4E30-9BD2-43C1BFDA330A}"
EndProject
Global
	GlobalSection(SolutionConfigurationPlatforms) = preSolution
		Debug|Any CPU = Debug|Any CPU
		Release|Any CPU = Release|Any CPU
	EndGlobalSection
	GlobalSection(ProjectConfigurationPlatforms) = postSolution
		{D523990B-85AA-4985-B735-612CA2BC2B61}.Debug|Any CPU.ActiveCfg = Debug|Any CPU
		{D523990B-85AA-4985-B735-612CA2BC2B61}.Debug|Any CPU.Build.0 = Debug|Any CPU
		{D523990B-85AA-4985-B735-612CA2BC2B61}.Release|Any CPU.ActiveCfg = Release|Any CPU
		{D523990B-85AA-4985-B735-612CA2BC2B61}.Release|Any CPU.Build.0 = Release|Any CPU
		{678AF3C0-D5BA-4E30-9BD2-43C1BFDA330A}.Debug|Any CPU.ActiveCfg = Debug|Any CPU
		{678AF3C0-D5BA-4E30-9BD2-43C1BFDA330A}.Debug|Any CPU.Build.0 = Debug|Any CPU
		{678AF3C0-D5BA-4E30-9BD2-43C1BFDA330A}.Release|Any CPU.ActiveCfg = Release|Any CPU
		{678AF3C0-D5BA-4E30-9BD2-43C1BFDA330A}.Release|Any CPU.Build.0 = Release|Any CPU
	EndGlobalSection
	GlobalSection(SolutionProperties) = preSolution
		HideSolutionNode = FALSE
	EndGlobalSection
EndGlobal
